
Microsoft Visual Studio Solution File, Format Version 12.00
# Visual Studio 15
VisualStudioVersion = 15.0.27004.2009
MinimumVisualStudioVersion = 10.0.40219.1
Project("{FAE04EC0-301F-11D3-BF4B-00C04F79EFBC}") = "ChocOvation", "ChocOvation\ChocOvation.csproj", "{8BE14710-9B2D-4780-A99D-629DCDB71A52}"
EndProject
Global
	GlobalSection(SolutionConfigurationPlatforms) = preSolution
		Debug|Any CPU = Debug|Any CPU
		Release|Any CPU = Release|Any CPU
	EndGlobalSection
	GlobalSection(ProjectConfigurationPlatforms) = postSolution
		{8BE14710-9B2D-4780-A99D-629DCDB71A52}.Debug|Any CPU.ActiveCfg = Debug|Any CPU
		{8BE14710-9B2D-4780-A99D-629DCDB71A52}.Debug|Any CPU.Build.0 = Debug|Any CPU
		{8BE14710-9B2D-4780-A99D-629DCDB71A52}.Release|Any CPU.ActiveCfg = Release|Any CPU
		{8BE14710-9B2D-4780-A99D-629DCDB71A52}.Release|Any CPU.Build.0 = Release|Any CPU
	EndGlobalSection
	GlobalSection(SolutionProperties) = preSolution
		HideSolutionNode = FALSE
	EndGlobalSection
	GlobalSection(ExtensibilityGlobals) = postSolution
		SolutionGuid = {776E83A7-9213-4C29-B432-31A5B93CA7D7}
	EndGlobalSection
	GlobalSection(TeamFoundationVersionControl) = preSolution
		SccNumberOfProjects = 2
		SccEnterpriseProvider = {4CA58AB2-18FA-4F8D-95D4-32DDF27D184C}
		SccTeamFoundationServer = https://satravelas.visualstudio.com/
		SccLocalPath0 = .
		SccProjectUniqueName1 = ChocOvation\\ChocOvation.csproj
		SccProjectName1 = ChocOvation
		SccLocalPath1 = ChocOvation
	EndGlobalSection
EndGlobal
